// !$*UTF8*$!
{
	archiveVersion = 1;
	classes = {
	};
	objectVersion = 55;
	objects = {

/* Begin PBXBuildFile section */
		02B2AF9D27F304ED0002BE84 /* AppDelegate.swift in Sources */ = {isa = PBXBuildFile; fileRef = 02B2AF9C27F304ED0002BE84 /* AppDelegate.swift */; };
		02B2AF9F27F304ED0002BE84 /* SceneDelegate.swift in Sources */ = {isa = PBXBuildFile; fileRef = 02B2AF9E27F304ED0002BE84 /* SceneDelegate.swift */; };
		02B2AFA127F304ED0002BE84 /* WelcomeViewController.swift in Sources */ = {isa = PBXBuildFile; fileRef = 02B2AFA027F304ED0002BE84 /* WelcomeViewController.swift */; };
		02B2AFA427F304ED0002BE84 /* Main.storyboard in Resources */ = {isa = PBXBuildFile; fileRef = 02B2AFA227F304ED0002BE84 /* Main.storyboard */; };
		02B2AFA627F304EF0002BE84 /* Assets.xcassets in Resources */ = {isa = PBXBuildFile; fileRef = 02B2AFA527F304EF0002BE84 /* Assets.xcassets */; };
		02B2AFA927F304EF0002BE84 /* LaunchScreen.storyboard in Resources */ = {isa = PBXBuildFile; fileRef = 02B2AFA727F304EF0002BE84 /* LaunchScreen.storyboard */; };
		02B2AFB327F30CE20002BE84 /* RegisterViewController.swift in Sources */ = {isa = PBXBuildFile; fileRef = 02B2AFB227F30CE20002BE84 /* RegisterViewController.swift */; };
		02B2AFB727F3F97A0002BE84 /* InputComponentsView.swift in Sources */ = {isa = PBXBuildFile; fileRef = 02B2AFB627F3F97A0002BE84 /* InputComponentsView.swift */; };
		02B2AFB927F431B30002BE84 /* CustomButton.swift in Sources */ = {isa = PBXBuildFile; fileRef = 02B2AFB827F431B30002BE84 /* CustomButton.swift */; };
		02B2AFBB27F440300002BE84 /* ViewFactory.swift in Sources */ = {isa = PBXBuildFile; fileRef = 02B2AFBA27F440300002BE84 /* ViewFactory.swift */; };
		02B2AFC027F47D710002BE84 /* IDValidator.swift in Sources */ = {isa = PBXBuildFile; fileRef = 02B2AFBF27F47D710002BE84 /* IDValidator.swift */; };
		02B2AFC227F4805C0002BE84 /* Validatable.swift in Sources */ = {isa = PBXBuildFile; fileRef = 02B2AFC127F4805C0002BE84 /* Validatable.swift */; };
		02B2AFC927F4A0EA0002BE84 /* IDTextFieldDelegate.swift in Sources */ = {isa = PBXBuildFile; fileRef = 02B2AFC827F4A0EA0002BE84 /* IDTextFieldDelegate.swift */; };
/* End PBXBuildFile section */

/* Begin PBXFileReference section */
		02B2AF9927F304ED0002BE84 /* SignUp.app */ = {isa = PBXFileReference; explicitFileType = wrapper.application; includeInIndex = 0; path = SignUp.app; sourceTree = BUILT_PRODUCTS_DIR; };
		02B2AF9C27F304ED0002BE84 /* AppDelegate.swift */ = {isa = PBXFileReference; lastKnownFileType = sourcecode.swift; path = AppDelegate.swift; sourceTree = "<group>"; };
		02B2AF9E27F304ED0002BE84 /* SceneDelegate.swift */ = {isa = PBXFileReference; lastKnownFileType = sourcecode.swift; path = SceneDelegate.swift; sourceTree = "<group>"; };
		02B2AFA027F304ED0002BE84 /* WelcomeViewController.swift */ = {isa = PBXFileReference; lastKnownFileType = sourcecode.swift; path = WelcomeViewController.swift; sourceTree = "<group>"; };
		02B2AFA327F304ED0002BE84 /* Base */ = {isa = PBXFileReference; lastKnownFileType = file.storyboard; name = Base; path = Base.lproj/Main.storyboard; sourceTree = "<group>"; };
		02B2AFA527F304EF0002BE84 /* Assets.xcassets */ = {isa = PBXFileReference; lastKnownFileType = folder.assetcatalog; path = Assets.xcassets; sourceTree = "<group>"; };
		02B2AFA827F304EF0002BE84 /* Base */ = {isa = PBXFileReference; lastKnownFileType = file.storyboard; name = Base; path = Base.lproj/LaunchScreen.storyboard; sourceTree = "<group>"; };
		02B2AFAA27F304EF0002BE84 /* Info.plist */ = {isa = PBXFileReference; lastKnownFileType = text.plist.xml; path = Info.plist; sourceTree = "<group>"; };
		02B2AFB227F30CE20002BE84 /* RegisterViewController.swift */ = {isa = PBXFileReference; lastKnownFileType = sourcecode.swift; path = RegisterViewController.swift; sourceTree = "<group>"; };
		02B2AFB627F3F97A0002BE84 /* InputComponentsView.swift */ = {isa = PBXFileReference; lastKnownFileType = sourcecode.swift; path = InputComponentsView.swift; sourceTree = "<group>"; };
		02B2AFB827F431B30002BE84 /* CustomButton.swift */ = {isa = PBXFileReference; lastKnownFileType = sourcecode.swift; path = CustomButton.swift; sourceTree = "<group>"; };
		02B2AFBA27F440300002BE84 /* ViewFactory.swift */ = {isa = PBXFileReference; lastKnownFileType = sourcecode.swift; path = ViewFactory.swift; sourceTree = "<group>"; };
		02B2AFBF27F47D710002BE84 /* IDValidator.swift */ = {isa = PBXFileReference; lastKnownFileType = sourcecode.swift; path = IDValidator.swift; sourceTree = "<group>"; };
		02B2AFC127F4805C0002BE84 /* Validatable.swift */ = {isa = PBXFileReference; lastKnownFileType = sourcecode.swift; path = Validatable.swift; sourceTree = "<group>"; };
		02B2AFC827F4A0EA0002BE84 /* IDTextFieldDelegate.swift */ = {isa = PBXFileReference; lastKnownFileType = sourcecode.swift; path = IDTextFieldDelegate.swift; sourceTree = "<group>"; };
/* End PBXFileReference section */

/* Begin PBXFrameworksBuildPhase section */
		02B2AF9627F304ED0002BE84 /* Frameworks */ = {
			isa = PBXFrameworksBuildPhase;
			buildActionMask = 2147483647;
			files = (
			);
			runOnlyForDeploymentPostprocessing = 0;
		};
/* End PBXFrameworksBuildPhase section */

/* Begin PBXGroup section */
		02B2AF9027F304ED0002BE84 = {
			isa = PBXGroup;
			children = (
				02B2AF9B27F304ED0002BE84 /* SignUp */,
				02B2AF9A27F304ED0002BE84 /* Products */,
			);
			sourceTree = "<group>";
		};
		02B2AF9A27F304ED0002BE84 /* Products */ = {
			isa = PBXGroup;
			children = (
				02B2AF9927F304ED0002BE84 /* SignUp.app */,
			);
			name = Products;
			sourceTree = "<group>";
		};
		02B2AF9B27F304ED0002BE84 /* SignUp */ = {
			isa = PBXGroup;
			children = (
				02B2AF9C27F304ED0002BE84 /* AppDelegate.swift */,
				02B2AF9E27F304ED0002BE84 /* SceneDelegate.swift */,
				02B2AFBE27F47D3D0002BE84 /* Model */,
				02B2AFB527F3F9140002BE84 /* View */,
				02B2AFB427F3F8ED0002BE84 /* Controller */,
				02B2AFA227F304ED0002BE84 /* Main.storyboard */,
				02B2AFA527F304EF0002BE84 /* Assets.xcassets */,
				02B2AFA727F304EF0002BE84 /* LaunchScreen.storyboard */,
				02B2AFAA27F304EF0002BE84 /* Info.plist */,
				02B2AFBA27F440300002BE84 /* ViewFactory.swift */,
			);
			path = SignUp;
			sourceTree = "<group>";
		};
		02B2AFB427F3F8ED0002BE84 /* Controller */ = {
			isa = PBXGroup;
			children = (
				02B2AFC327F49E740002BE84 /* Delegate */,
				02B2AFA027F304ED0002BE84 /* WelcomeViewController.swift */,
				02B2AFB227F30CE20002BE84 /* RegisterViewController.swift */,
			);
			path = Controller;
			sourceTree = "<group>";
		};
		02B2AFB527F3F9140002BE84 /* View */ = {
			isa = PBXGroup;
			children = (
				02B2AFB627F3F97A0002BE84 /* InputComponentsView.swift */,
				02B2AFB827F431B30002BE84 /* CustomButton.swift */,
			);
			path = View;
			sourceTree = "<group>";
		};
		02B2AFBE27F47D3D0002BE84 /* Model */ = {
			isa = PBXGroup;
			children = (
				02B2AFBF27F47D710002BE84 /* IDValidator.swift */,
				02B2AFC127F4805C0002BE84 /* Validatable.swift */,
			);
			path = Model;
			sourceTree = "<group>";
		};
		02B2AFC327F49E740002BE84 /* Delegate */ = {
			isa = PBXGroup;
			children = (
				02B2AFC827F4A0EA0002BE84 /* IDTextFieldDelegate.swift */,
			);
			path = Delegate;
			sourceTree = "<group>";
		};
/* End PBXGroup section */

/* Begin PBXNativeTarget section */
		02B2AF9827F304ED0002BE84 /* SignUp */ = {
			isa = PBXNativeTarget;
			buildConfigurationList = 02B2AFAD27F304EF0002BE84 /* Build configuration list for PBXNativeTarget "SignUp" */;
			buildPhases = (
				02B2AF9527F304ED0002BE84 /* Sources */,
				02B2AF9627F304ED0002BE84 /* Frameworks */,
				02B2AF9727F304ED0002BE84 /* Resources */,
			);
			buildRules = (
			);
			dependencies = (
			);
			name = SignUp;
			productName = SignUp;
			productReference = 02B2AF9927F304ED0002BE84 /* SignUp.app */;
			productType = "com.apple.product-type.application";
		};
/* End PBXNativeTarget section */

/* Begin PBXProject section */
		02B2AF9127F304ED0002BE84 /* Project object */ = {
			isa = PBXProject;
			attributes = {
				BuildIndependentTargetsInParallel = 1;
				LastSwiftUpdateCheck = 1320;
				LastUpgradeCheck = 1320;
				TargetAttributes = {
					02B2AF9827F304ED0002BE84 = {
						CreatedOnToolsVersion = 13.2.1;
					};
				};
			};
			buildConfigurationList = 02B2AF9427F304ED0002BE84 /* Build configuration list for PBXProject "SignUp" */;
			compatibilityVersion = "Xcode 13.0";
			developmentRegion = en;
			hasScannedForEncodings = 0;
			knownRegions = (
				en,
				Base,
			);
			mainGroup = 02B2AF9027F304ED0002BE84;
			productRefGroup = 02B2AF9A27F304ED0002BE84 /* Products */;
			projectDirPath = "";
			projectRoot = "";
			targets = (
				02B2AF9827F304ED0002BE84 /* SignUp */,
			);
		};
/* End PBXProject section */

/* Begin PBXResourcesBuildPhase section */
		02B2AF9727F304ED0002BE84 /* Resources */ = {
			isa = PBXResourcesBuildPhase;
			buildActionMask = 2147483647;
			files = (
				02B2AFA927F304EF0002BE84 /* LaunchScreen.storyboard in Resources */,
				02B2AFA627F304EF0002BE84 /* Assets.xcassets in Resources */,
				02B2AFA427F304ED0002BE84 /* Main.storyboard in Resources */,
			);
			runOnlyForDeploymentPostprocessing = 0;
		};
/* End PBXResourcesBuildPhase section */

/* Begin PBXSourcesBuildPhase section */
		02B2AF9527F304ED0002BE84 /* Sources */ = {
			isa = PBXSourcesBuildPhase;
			buildActionMask = 2147483647;
			files = (
				02B2AFA127F304ED0002BE84 /* WelcomeViewController.swift in Sources */,
				02B2AFC927F4A0EA0002BE84 /* IDTextFieldDelegate.swift in Sources */,
				02B2AFC227F4805C0002BE84 /* Validatable.swift in Sources */,
				02B2AFB727F3F97A0002BE84 /* InputComponentsView.swift in Sources */,
				02B2AFB927F431B30002BE84 /* CustomButton.swift in Sources */,
				02B2AF9D27F304ED0002BE84 /* AppDelegate.swift in Sources */,
				02B2AFBB27F440300002BE84 /* ViewFactory.swift in Sources */,
				02B2AF9F27F304ED0002BE84 /* SceneDelegate.swift in Sources */,
				02B2AFB327F30CE20002BE84 /* RegisterViewController.swift in Sources */,
				02B2AFC027F47D710002BE84 /* IDValidator.swift in Sources */,
			);
			runOnlyForDeploymentPostprocessing = 0;
		};
/* End PBXSourcesBuildPhase section */

/* Begin PBXVariantGroup section */
		02B2AFA227F304ED0002BE84 /* Main.storyboard */ = {
			isa = PBXVariantGroup;
			children = (
				02B2AFA327F304ED0002BE84 /* Base */,
			);
			name = Main.storyboard;
			sourceTree = "<group>";
		};
		02B2AFA727F304EF0002BE84 /* LaunchScreen.storyboard */ = {
			isa = PBXVariantGroup;
			children = (
				02B2AFA827F304EF0002BE84 /* Base */,
			);
			name = LaunchScreen.storyboard;
			sourceTree = "<group>";
		};
/* End PBXVariantGroup section */

/* Begin XCBuildConfiguration section */
		02B2AFAB27F304EF0002BE84 /* Debug */ = {
			isa = XCBuildConfiguration;
			buildSettings = {
				ALWAYS_SEARCH_USER_PATHS = NO;
				CLANG_ANALYZER_NONNULL = YES;
				CLANG_ANALYZER_NUMBER_OBJECT_CONVERSION = YES_AGGRESSIVE;
				CLANG_CXX_LANGUAGE_STANDARD = "gnu++17";
				CLANG_CXX_LIBRARY = "libc++";
				CLANG_ENABLE_MODULES = YES;
				CLANG_ENABLE_OBJC_ARC = YES;
				CLANG_ENABLE_OBJC_WEAK = YES;
				CLANG_WARN_BLOCK_CAPTURE_AUTORELEASING = YES;
				CLANG_WARN_BOOL_CONVERSION = YES;
				CLANG_WARN_COMMA = YES;
				CLANG_WARN_CONSTANT_CONVERSION = YES;
				CLANG_WARN_DEPRECATED_OBJC_IMPLEMENTATIONS = YES;
				CLANG_WARN_DIRECT_OBJC_ISA_USAGE = YES_ERROR;
				CLANG_WARN_DOCUMENTATION_COMMENTS = YES;
				CLANG_WARN_EMPTY_BODY = YES;
				CLANG_WARN_ENUM_CONVERSION = YES;
				CLANG_WARN_INFINITE_RECURSION = YES;
				CLANG_WARN_INT_CONVERSION = YES;
				CLANG_WARN_NON_LITERAL_NULL_CONVERSION = YES;
				CLANG_WARN_OBJC_IMPLICIT_RETAIN_SELF = YES;
				CLANG_WARN_OBJC_LITERAL_CONVERSION = YES;
				CLANG_WARN_OBJC_ROOT_CLASS = YES_ERROR;
				CLANG_WARN_QUOTED_INCLUDE_IN_FRAMEWORK_HEADER = YES;
				CLANG_WARN_RANGE_LOOP_ANALYSIS = YES;
				CLANG_WARN_STRICT_PROTOTYPES = YES;
				CLANG_WARN_SUSPICIOUS_MOVE = YES;
				CLANG_WARN_UNGUARDED_AVAILABILITY = YES_AGGRESSIVE;
				CLANG_WARN_UNREACHABLE_CODE = YES;
				CLANG_WARN__DUPLICATE_METHOD_MATCH = YES;
				COPY_PHASE_STRIP = NO;
				DEBUG_INFORMATION_FORMAT = dwarf;
				ENABLE_STRICT_OBJC_MSGSEND = YES;
				ENABLE_TESTABILITY = YES;
				GCC_C_LANGUAGE_STANDARD = gnu11;
				GCC_DYNAMIC_NO_PIC = NO;
				GCC_NO_COMMON_BLOCKS = YES;
				GCC_OPTIMIZATION_LEVEL = 0;
				GCC_PREPROCESSOR_DEFINITIONS = (
					"DEBUG=1",
					"$(inherited)",
				);
				GCC_WARN_64_TO_32_BIT_CONVERSION = YES;
				GCC_WARN_ABOUT_RETURN_TYPE = YES_ERROR;
				GCC_WARN_UNDECLARED_SELECTOR = YES;
				GCC_WARN_UNINITIALIZED_AUTOS = YES_AGGRESSIVE;
				GCC_WARN_UNUSED_FUNCTION = YES;
				GCC_WARN_UNUSED_VARIABLE = YES;
				IPHONEOS_DEPLOYMENT_TARGET = 15.2;
				MTL_ENABLE_DEBUG_INFO = INCLUDE_SOURCE;
				MTL_FAST_MATH = YES;
				ONLY_ACTIVE_ARCH = YES;
				SDKROOT = iphoneos;
				SWIFT_ACTIVE_COMPILATION_CONDITIONS = DEBUG;
				SWIFT_OPTIMIZATION_LEVEL = "-Onone";
			};
			name = Debug;
		};
		02B2AFAC27F304EF0002BE84 /* Release */ = {
			isa = XCBuildConfiguration;
			buildSettings = {
				ALWAYS_SEARCH_USER_PATHS = NO;
				CLANG_ANALYZER_NONNULL = YES;
				CLANG_ANALYZER_NUMBER_OBJECT_CONVERSION = YES_AGGRESSIVE;
				CLANG_CXX_LANGUAGE_STANDARD = "gnu++17";
				CLANG_CXX_LIBRARY = "libc++";
				CLANG_ENABLE_MODULES = YES;
				CLANG_ENABLE_OBJC_ARC = YES;
				CLANG_ENABLE_OBJC_WEAK = YES;
				CLANG_WARN_BLOCK_CAPTURE_AUTORELEASING = YES;
				CLANG_WARN_BOOL_CONVERSION = YES;
				CLANG_WARN_COMMA = YES;
				CLANG_WARN_CONSTANT_CONVERSION = YES;
				CLANG_WARN_DEPRECATED_OBJC_IMPLEMENTATIONS = YES;
				CLANG_WARN_DIRECT_OBJC_ISA_USAGE = YES_ERROR;
				CLANG_WARN_DOCUMENTATION_COMMENTS = YES;
				CLANG_WARN_EMPTY_BODY = YES;
				CLANG_WARN_ENUM_CONVERSION = YES;
				CLANG_WARN_INFINITE_RECURSION = YES;
				CLANG_WARN_INT_CONVERSION = YES;
				CLANG_WARN_NON_LITERAL_NULL_CONVERSION = YES;
				CLANG_WARN_OBJC_IMPLICIT_RETAIN_SELF = YES;
				CLANG_WARN_OBJC_LITERAL_CONVERSION = YES;
				CLANG_WARN_OBJC_ROOT_CLASS = YES_ERROR;
				CLANG_WARN_QUOTED_INCLUDE_IN_FRAMEWORK_HEADER = YES;
				CLANG_WARN_RANGE_LOOP_ANALYSIS = YES;
				CLANG_WARN_STRICT_PROTOTYPES = YES;
				CLANG_WARN_SUSPICIOUS_MOVE = YES;
				CLANG_WARN_UNGUARDED_AVAILABILITY = YES_AGGRESSIVE;
				CLANG_WARN_UNREACHABLE_CODE = YES;
				CLANG_WARN__DUPLICATE_METHOD_MATCH = YES;
				COPY_PHASE_STRIP = NO;
				DEBUG_INFORMATION_FORMAT = "dwarf-with-dsym";
				ENABLE_NS_ASSERTIONS = NO;
				ENABLE_STRICT_OBJC_MSGSEND = YES;
				GCC_C_LANGUAGE_STANDARD = gnu11;
				GCC_NO_COMMON_BLOCKS = YES;
				GCC_WARN_64_TO_32_BIT_CONVERSION = YES;
				GCC_WARN_ABOUT_RETURN_TYPE = YES_ERROR;
				GCC_WARN_UNDECLARED_SELECTOR = YES;
				GCC_WARN_UNINITIALIZED_AUTOS = YES_AGGRESSIVE;
				GCC_WARN_UNUSED_FUNCTION = YES;
				GCC_WARN_UNUSED_VARIABLE = YES;
				IPHONEOS_DEPLOYMENT_TARGET = 15.2;
				MTL_ENABLE_DEBUG_INFO = NO;
				MTL_FAST_MATH = YES;
				SDKROOT = iphoneos;
				SWIFT_COMPILATION_MODE = wholemodule;
				SWIFT_OPTIMIZATION_LEVEL = "-O";
				VALIDATE_PRODUCT = YES;
			};
			name = Release;
		};
		02B2AFAE27F304EF0002BE84 /* Debug */ = {
			isa = XCBuildConfiguration;
			buildSettings = {
				ASSETCATALOG_COMPILER_APPICON_NAME = AppIcon;
				ASSETCATALOG_COMPILER_GLOBAL_ACCENT_COLOR_NAME = AccentColor;
				CODE_SIGN_STYLE = Automatic;
				CURRENT_PROJECT_VERSION = 1;
				DEVELOPMENT_TEAM = 9HYJMYU99M;
				GENERATE_INFOPLIST_FILE = YES;
				INFOPLIST_FILE = SignUp/Info.plist;
				INFOPLIST_KEY_UIApplicationSupportsIndirectInputEvents = YES;
				INFOPLIST_KEY_UILaunchStoryboardName = LaunchScreen;
				INFOPLIST_KEY_UIMainStoryboardFile = Main;
				INFOPLIST_KEY_UISupportedInterfaceOrientations_iPad = "UIInterfaceOrientationPortrait UIInterfaceOrientationPortraitUpsideDown UIInterfaceOrientationLandscapeLeft UIInterfaceOrientationLandscapeRight";
				INFOPLIST_KEY_UISupportedInterfaceOrientations_iPhone = "UIInterfaceOrientationPortrait UIInterfaceOrientationLandscapeLeft UIInterfaceOrientationLandscapeRight";
				LD_RUNPATH_SEARCH_PATHS = (
					"$(inherited)",
					"@executable_path/Frameworks",
				);
				MARKETING_VERSION = 1.0;
				PRODUCT_BUNDLE_IDENTIFIER = com.Sol.SignUp;
				PRODUCT_NAME = "$(TARGET_NAME)";
				SWIFT_EMIT_LOC_STRINGS = YES;
				SWIFT_VERSION = 5.0;
				TARGETED_DEVICE_FAMILY = "1,2";
			};
			name = Debug;
		};
		02B2AFAF27F304EF0002BE84 /* Release */ = {
			isa = XCBuildConfiguration;
			buildSettings = {
				ASSETCATALOG_COMPILER_APPICON_NAME = AppIcon;
				ASSETCATALOG_COMPILER_GLOBAL_ACCENT_COLOR_NAME = AccentColor;
				CODE_SIGN_STYLE = Automatic;
				CURRENT_PROJECT_VERSION = 1;
				DEVELOPMENT_TEAM = 9HYJMYU99M;
				GENERATE_INFOPLIST_FILE = YES;
				INFOPLIST_FILE = SignUp/Info.plist;
				INFOPLIST_KEY_UIApplicationSupportsIndirectInputEvents = YES;
				INFOPLIST_KEY_UILaunchStoryboardName = LaunchScreen;
				INFOPLIST_KEY_UIMainStoryboardFile = Main;
				INFOPLIST_KEY_UISupportedInterfaceOrientations_iPad = "UIInterfaceOrientationPortrait UIInterfaceOrientationPortraitUpsideDown UIInterfaceOrientationLandscapeLeft UIInterfaceOrientationLandscapeRight";
				INFOPLIST_KEY_UISupportedInterfaceOrientations_iPhone = "UIInterfaceOrientationPortrait UIInterfaceOrientationLandscapeLeft UIInterfaceOrientationLandscapeRight";
				LD_RUNPATH_SEARCH_PATHS = (
					"$(inherited)",
					"@executable_path/Frameworks",
				);
				MARKETING_VERSION = 1.0;
				PRODUCT_BUNDLE_IDENTIFIER = com.Sol.SignUp;
				PRODUCT_NAME = "$(TARGET_NAME)";
				SWIFT_EMIT_LOC_STRINGS = YES;
				SWIFT_VERSION = 5.0;
				TARGETED_DEVICE_FAMILY = "1,2";
			};
			name = Release;
		};
/* End XCBuildConfiguration section */

/* Begin XCConfigurationList section */
		02B2AF9427F304ED0002BE84 /* Build configuration list for PBXProject "SignUp" */ = {
			isa = XCConfigurationList;
			buildConfigurations = (
				02B2AFAB27F304EF0002BE84 /* Debug */,
				02B2AFAC27F304EF0002BE84 /* Release */,
			);
			defaultConfigurationIsVisible = 0;
			defaultConfigurationName = Release;
		};
		02B2AFAD27F304EF0002BE84 /* Build configuration list for PBXNativeTarget "SignUp" */ = {
			isa = XCConfigurationList;
			buildConfigurations = (
				02B2AFAE27F304EF0002BE84 /* Debug */,
				02B2AFAF27F304EF0002BE84 /* Release */,
			);
			defaultConfigurationIsVisible = 0;
			defaultConfigurationName = Release;
		};
/* End XCConfigurationList section */
	};
	rootObject = 02B2AF9127F304ED0002BE84 /* Project object */;
}
